
Microsoft Visual Studio Solution File, Format Version 12.00
# Visual Studio 2013
VisualStudioVersion = 12.0.30110.0
MinimumVisualStudioVersion = 10.0.40219.1
Project("{FAE04EC0-301F-11D3-BF4B-00C04F79EFBC}") = "N2W.CORE", "N2W.CORE\N2W.CORE.csproj", "{7434A67F-DECB-454B-8B81-64231D95A8D1}"
EndProject
Project("{FAE04EC0-301F-11D3-BF4B-00C04F79EFBC}") = "N2W.CORE.TEST", "N2W.CORE.TEST\N2W.CORE.TEST.csproj", "{8EA9FD83-C660-4E8D-9D62-756776ED6300}"
EndProject
Project("{2150E333-8FDC-42A3-9474-1A3956D46DE8}") = ".nuget", ".nuget", "{BE9AEC81-DE55-4BFC-82A0-476370904874}"
	ProjectSection(SolutionItems) = preProject
		.nuget\NuGet.Config = .nuget\NuGet.Config
		.nuget\NuGet.exe = .nuget\NuGet.exe
		.nuget\NuGet.targets = .nuget\NuGet.targets
	EndProjectSection
EndProject
Project("{FAE04EC0-301F-11D3-BF4B-00C04F79EFBC}") = "N2W.WEB", "N2W.WEB\N2W.WEB.csproj", "{9B14102B-6864-46A5-B96F-B465A25AB50D}"
EndProject
Global
	GlobalSection(SolutionConfigurationPlatforms) = preSolution
		Debug|Any CPU = Debug|Any CPU
		Release|Any CPU = Release|Any CPU
	EndGlobalSection
	GlobalSection(ProjectConfigurationPlatforms) = postSolution
		{7434A67F-DECB-454B-8B81-64231D95A8D1}.Debug|Any CPU.ActiveCfg = Debug|Any CPU
		{7434A67F-DECB-454B-8B81-64231D95A8D1}.Debug|Any CPU.Build.0 = Debug|Any CPU
		{7434A67F-DECB-454B-8B81-64231D95A8D1}.Release|Any CPU.ActiveCfg = Release|Any CPU
		{7434A67F-DECB-454B-8B81-64231D95A8D1}.Release|Any CPU.Build.0 = Release|Any CPU
		{8EA9FD83-C660-4E8D-9D62-756776ED6300}.Debug|Any CPU.ActiveCfg = Debug|Any CPU
		{8EA9FD83-C660-4E8D-9D62-756776ED6300}.Debug|Any CPU.Build.0 = Debug|Any CPU
		{8EA9FD83-C660-4E8D-9D62-756776ED6300}.Release|Any CPU.ActiveCfg = Release|Any CPU
		{8EA9FD83-C660-4E8D-9D62-756776ED6300}.Release|Any CPU.Build.0 = Release|Any CPU
		{9B14102B-6864-46A5-B96F-B465A25AB50D}.Debug|Any CPU.ActiveCfg = Debug|Any CPU
		{9B14102B-6864-46A5-B96F-B465A25AB50D}.Debug|Any CPU.Build.0 = Debug|Any CPU
		{9B14102B-6864-46A5-B96F-B465A25AB50D}.Release|Any CPU.ActiveCfg = Release|Any CPU
		{9B14102B-6864-46A5-B96F-B465A25AB50D}.Release|Any CPU.Build.0 = Release|Any CPU
	EndGlobalSection
	GlobalSection(SolutionProperties) = preSolution
		HideSolutionNode = FALSE
	EndGlobalSection
EndGlobal
